
Microsoft Visual Studio Solution File, Format Version 12.00
# Visual Studio Version 16
VisualStudioVersion = 16.0.30114.105
MinimumVisualStudioVersion = 10.0.40219.1
Project("{9A19103F-16F7-4668-BE54-9A1E7A4F7556}") = "ZySerialPort", "ZySerialPort.csproj", "{6E0C9F8E-8DB7-40CB-A41E-F8B9835B62A9}"
EndProject
Global
	GlobalSection(SolutionConfigurationPlatforms) = preSolution
		Debug|Any CPU = Debug|Any CPU
		Release|Any CPU = Release|Any CPU
	EndGlobalSection
	GlobalSection(ProjectConfigurationPlatforms) = postSolution
		{6E0C9F8E-8DB7-40CB-A41E-F8B9835B62A9}.Debug|Any CPU.ActiveCfg = Debug|Any CPU
		{6E0C9F8E-8DB7-40CB-A41E-F8B9835B62A9}.Debug|Any CPU.Build.0 = Debug|Any CPU
		{6E0C9F8E-8DB7-40CB-A41E-F8B9835B62A9}.Release|Any CPU.ActiveCfg = Release|Any CPU
		{6E0C9F8E-8DB7-40CB-A41E-F8B9835B62A9}.Release|Any CPU.Build.0 = Release|Any CPU
		{5F2B0B5D-85B1-4E90-9CC2-798DB67C366C}.Debug|Any CPU.ActiveCfg = Debug|Any CPU
		{5F2B0B5D-85B1-4E90-9CC2-798DB67C366C}.Debug|Any CPU.Build.0 = Debug|Any CPU
		{5F2B0B5D-85B1-4E90-9CC2-798DB67C366C}.Release|Any CPU.ActiveCfg = Release|Any CPU
		{5F2B0B5D-85B1-4E90-9CC2-798DB67C366C}.Release|Any CPU.Build.0 = Release|Any CPU
		{910AC675-21BA-448D-A12F-1DD398AF7D34}.Debug|Any CPU.ActiveCfg = Debug|Any CPU
		{910AC675-21BA-448D-A12F-1DD398AF7D34}.Debug|Any CPU.Build.0 = Debug|Any CPU
		{910AC675-21BA-448D-A12F-1DD398AF7D34}.Release|Any CPU.ActiveCfg = Release|Any CPU
		{910AC675-21BA-448D-A12F-1DD398AF7D34}.Release|Any CPU.Build.0 = Release|Any CPU
		{8EF4A3F3-F83B-4BCB-876F-9955CA773A38}.Debug|Any CPU.ActiveCfg = Debug|Any CPU
		{8EF4A3F3-F83B-4BCB-876F-9955CA773A38}.Debug|Any CPU.Build.0 = Debug|Any CPU
		{8EF4A3F3-F83B-4BCB-876F-9955CA773A38}.Release|Any CPU.ActiveCfg = Release|Any CPU
		{8EF4A3F3-F83B-4BCB-876F-9955CA773A38}.Release|Any CPU.Build.0 = Release|Any CPU
	EndGlobalSection
	GlobalSection(SolutionProperties) = preSolution
		HideSolutionNode = FALSE
	EndGlobalSection
	GlobalSection(ExtensibilityGlobals) = postSolution
		SolutionGuid = {B7E99C00-13F9-453D-9BFF-FF5F2C48B71C}
	EndGlobalSection
EndGlobal
